// !$*UTF8*$!
{
	archiveVersion = 1;
	classes = {
	};
	objectVersion = 50;
	objects = {

/* Begin PBXBuildFile section */
		F100CEFB20EE8C28007E79B1 /* AppDelegate.swift in Sources */ = {isa = PBXBuildFile; fileRef = F100CEFA20EE8C28007E79B1 /* AppDelegate.swift */; };
		F100CEFD20EE8C28007E79B1 /* ViewController.swift in Sources */ = {isa = PBXBuildFile; fileRef = F100CEFC20EE8C28007E79B1 /* ViewController.swift */; };
		F100CF0020EE8C28007E79B1 /* Main.storyboard in Resources */ = {isa = PBXBuildFile; fileRef = F100CEFE20EE8C28007E79B1 /* Main.storyboard */; };
		F100CF0220EE8C29007E79B1 /* Assets.xcassets in Resources */ = {isa = PBXBuildFile; fileRef = F100CF0120EE8C29007E79B1 /* Assets.xcassets */; };
		F100CF0520EE8C29007E79B1 /* LaunchScreen.storyboard in Resources */ = {isa = PBXBuildFile; fileRef = F100CF0320EE8C29007E79B1 /* LaunchScreen.storyboard */; };
		F100CF0D20EE8C3B007E79B1 /* ResizeManager.swift in Sources */ = {isa = PBXBuildFile; fileRef = F100CF0C20EE8C3B007E79B1 /* ResizeManager.swift */; };
/* End PBXBuildFile section */

/* Begin PBXFileReference section */
		F100CEF720EE8C28007E79B1 /* ResizeUIImage.app */ = {isa = PBXFileReference; explicitFileType = wrapper.application; includeInIndex = 0; path = ResizeUIImage.app; sourceTree = BUILT_PRODUCTS_DIR; };
		F100CEFA20EE8C28007E79B1 /* AppDelegate.swift */ = {isa = PBXFileReference; lastKnownFileType = sourcecode.swift; path = AppDelegate.swift; sourceTree = "<group>"; };
		F100CEFC20EE8C28007E79B1 /* ViewController.swift */ = {isa = PBXFileReference; lastKnownFileType = sourcecode.swift; path = ViewController.swift; sourceTree = "<group>"; };
		F100CEFF20EE8C28007E79B1 /* Base */ = {isa = PBXFileReference; lastKnownFileType = file.storyboard; name = Base; path = Base.lproj/Main.storyboard; sourceTree = "<group>"; };
		F100CF0120EE8C29007E79B1 /* Assets.xcassets */ = {isa = PBXFileReference; lastKnownFileType = folder.assetcatalog; path = Assets.xcassets; sourceTree = "<group>"; };
		F100CF0420EE8C29007E79B1 /* Base */ = {isa = PBXFileReference; lastKnownFileType = file.storyboard; name = Base; path = Base.lproj/LaunchScreen.storyboard; sourceTree = "<group>"; };
		F100CF0620EE8C29007E79B1 /* Info.plist */ = {isa = PBXFileReference; lastKnownFileType = text.plist.xml; path = Info.plist; sourceTree = "<group>"; };
		F100CF0C20EE8C3B007E79B1 /* ResizeManager.swift */ = {isa = PBXFileReference; lastKnownFileType = sourcecode.swift; path = ResizeManager.swift; sourceTree = "<group>"; };
/* End PBXFileReference section */

/* Begin PBXFrameworksBuildPhase section */
		F100CEF420EE8C28007E79B1 /* Frameworks */ = {
			isa = PBXFrameworksBuildPhase;
			buildActionMask = 2147483647;
			files = (
			);
			runOnlyForDeploymentPostprocessing = 0;
		};
/* End PBXFrameworksBuildPhase section */

/* Begin PBXGroup section */
		F100CEEE20EE8C28007E79B1 = {
			isa = PBXGroup;
			children = (
				F100CEF920EE8C28007E79B1 /* ResizeUIImage */,
				F100CEF820EE8C28007E79B1 /* Products */,
			);
			sourceTree = "<group>";
		};
		F100CEF820EE8C28007E79B1 /* Products */ = {
			isa = PBXGroup;
			children = (
				F100CEF720EE8C28007E79B1 /* ResizeUIImage.app */,
			);
			name = Products;
			sourceTree = "<group>";
		};
		F100CEF920EE8C28007E79B1 /* ResizeUIImage */ = {
			isa = PBXGroup;
			children = (
				F100CEFA20EE8C28007E79B1 /* AppDelegate.swift */,
				F100CEFC20EE8C28007E79B1 /* ViewController.swift */,
				F100CF0C20EE8C3B007E79B1 /* ResizeManager.swift */,
				F100CEFE20EE8C28007E79B1 /* Main.storyboard */,
				F100CF0120EE8C29007E79B1 /* Assets.xcassets */,
				F100CF0320EE8C29007E79B1 /* LaunchScreen.storyboard */,
				F100CF0620EE8C29007E79B1 /* Info.plist */,
			);
			path = ResizeUIImage;
			sourceTree = "<group>";
		};
/* End PBXGroup section */

/* Begin PBXNativeTarget section */
		F100CEF620EE8C28007E79B1 /* ResizeUIImage */ = {
			isa = PBXNativeTarget;
			buildConfigurationList = F100CF0920EE8C29007E79B1 /* Build configuration list for PBXNativeTarget "ResizeUIImage" */;
			buildPhases = (
				F100CEF320EE8C28007E79B1 /* Sources */,
				F100CEF420EE8C28007E79B1 /* Frameworks */,
				F100CEF520EE8C28007E79B1 /* Resources */,
			);
			buildRules = (
			);
			dependencies = (
			);
			name = ResizeUIImage;
			productName = ResizeUIImage;
			productReference = F100CEF720EE8C28007E79B1 /* ResizeUIImage.app */;
			productType = "com.apple.product-type.application";
		};
/* End PBXNativeTarget section */

/* Begin PBXProject section */
		F100CEEF20EE8C28007E79B1 /* Project object */ = {
			isa = PBXProject;
			attributes = {
				LastSwiftUpdateCheck = 0940;
				LastUpgradeCheck = 0940;
				ORGANIZATIONNAME = "Raman Singh";
				TargetAttributes = {
					F100CEF620EE8C28007E79B1 = {
						CreatedOnToolsVersion = 9.4;
					};
				};
			};
			buildConfigurationList = F100CEF220EE8C28007E79B1 /* Build configuration list for PBXProject "ResizeUIImage" */;
			compatibilityVersion = "Xcode 9.3";
			developmentRegion = en;
			hasScannedForEncodings = 0;
			knownRegions = (
				en,
				Base,
			);
			mainGroup = F100CEEE20EE8C28007E79B1;
			productRefGroup = F100CEF820EE8C28007E79B1 /* Products */;
			projectDirPath = "";
			projectRoot = "";
			targets = (
				F100CEF620EE8C28007E79B1 /* ResizeUIImage */,
			);
		};
/* End PBXProject section */

/* Begin PBXResourcesBuildPhase section */
		F100CEF520EE8C28007E79B1 /* Resources */ = {
			isa = PBXResourcesBuildPhase;
			buildActionMask = 2147483647;
			files = (
				F100CF0520EE8C29007E79B1 /* LaunchScreen.storyboard in Resources */,
				F100CF0220EE8C29007E79B1 /* Assets.xcassets in Resources */,
				F100CF0020EE8C28007E79B1 /* Main.storyboard in Resources */,
			);
			runOnlyForDeploymentPostprocessing = 0;
		};
/* End PBXResourcesBuildPhase section */

/* Begin PBXSourcesBuildPhase section */
		F100CEF320EE8C28007E79B1 /* Sources */ = {
			isa = PBXSourcesBuildPhase;
			buildActionMask = 2147483647;
			files = (
				F100CEFD20EE8C28007E79B1 /* ViewController.swift in Sources */,
				F100CEFB20EE8C28007E79B1 /* AppDelegate.swift in Sources */,
				F100CF0D20EE8C3B007E79B1 /* ResizeManager.swift in Sources */,
			);
			runOnlyForDeploymentPostprocessing = 0;
		};
/* End PBXSourcesBuildPhase section */

/* Begin PBXVariantGroup section */
		F100CEFE20EE8C28007E79B1 /* Main.storyboard */ = {
			isa = PBXVariantGroup;
			children = (
				F100CEFF20EE8C28007E79B1 /* Base */,
			);
			name = Main.storyboard;
			sourceTree = "<group>";
		};
		F100CF0320EE8C29007E79B1 /* LaunchScreen.storyboard */ = {
			isa = PBXVariantGroup;
			children = (
				F100CF0420EE8C29007E79B1 /* Base */,
			);
			name = LaunchScreen.storyboard;
			sourceTree = "<group>";
		};
/* End PBXVariantGroup section */

/* Begin XCBuildConfiguration section */
		F100CF0720EE8C29007E79B1 /* Debug */ = {
			isa = XCBuildConfiguration;
			buildSettings = {
				ALWAYS_SEARCH_USER_PATHS = NO;
				CLANG_ANALYZER_NONNULL = YES;
				CLANG_ANALYZER_NUMBER_OBJECT_CONVERSION = YES_AGGRESSIVE;
				CLANG_CXX_LANGUAGE_STANDARD = "gnu++14";
				CLANG_CXX_LIBRARY = "libc++";
				CLANG_ENABLE_MODULES = YES;
				CLANG_ENABLE_OBJC_ARC = YES;
				CLANG_ENABLE_OBJC_WEAK = YES;
				CLANG_WARN_BLOCK_CAPTURE_AUTORELEASING = YES;
				CLANG_WARN_BOOL_CONVERSION = YES;
				CLANG_WARN_COMMA = YES;
				CLANG_WARN_CONSTANT_CONVERSION = YES;
				CLANG_WARN_DEPRECATED_OBJC_IMPLEMENTATIONS = YES;
				CLANG_WARN_DIRECT_OBJC_ISA_USAGE = YES_ERROR;
				CLANG_WARN_DOCUMENTATION_COMMENTS = YES;
				CLANG_WARN_EMPTY_BODY = YES;
				CLANG_WARN_ENUM_CONVERSION = YES;
				CLANG_WARN_INFINITE_RECURSION = YES;
				CLANG_WARN_INT_CONVERSION = YES;
				CLANG_WARN_NON_LITERAL_NULL_CONVERSION = YES;
				CLANG_WARN_OBJC_IMPLICIT_RETAIN_SELF = YES;
				CLANG_WARN_OBJC_LITERAL_CONVERSION = YES;
				CLANG_WARN_OBJC_ROOT_CLASS = YES_ERROR;
				CLANG_WARN_RANGE_LOOP_ANALYSIS = YES;
				CLANG_WARN_STRICT_PROTOTYPES = YES;
				CLANG_WARN_SUSPICIOUS_MOVE = YES;
				CLANG_WARN_UNGUARDED_AVAILABILITY = YES_AGGRESSIVE;
				CLANG_WARN_UNREACHABLE_CODE = YES;
				CLANG_WARN__DUPLICATE_METHOD_MATCH = YES;
				CODE_SIGN_IDENTITY = "iPhone Developer";
				COPY_PHASE_STRIP = NO;
				DEBUG_INFORMATION_FORMAT = dwarf;
				ENABLE_STRICT_OBJC_MSGSEND = YES;
				ENABLE_TESTABILITY = YES;
				GCC_C_LANGUAGE_STANDARD = gnu11;
				GCC_DYNAMIC_NO_PIC = NO;
				GCC_NO_COMMON_BLOCKS = YES;
				GCC_OPTIMIZATION_LEVEL = 0;
				GCC_PREPROCESSOR_DEFINITIONS = (
					"DEBUG=1",
					"$(inherited)",
				);
				GCC_WARN_64_TO_32_BIT_CONVERSION = YES;
				GCC_WARN_ABOUT_RETURN_TYPE = YES_ERROR;
				GCC_WARN_UNDECLARED_SELECTOR = YES;
				GCC_WARN_UNINITIALIZED_AUTOS = YES_AGGRESSIVE;
				GCC_WARN_UNUSED_FUNCTION = YES;
				GCC_WARN_UNUSED_VARIABLE = YES;
				IPHONEOS_DEPLOYMENT_TARGET = 11.4;
				MTL_ENABLE_DEBUG_INFO = YES;
				ONLY_ACTIVE_ARCH = YES;
				SDKROOT = iphoneos;
				SWIFT_ACTIVE_COMPILATION_CONDITIONS = DEBUG;
				SWIFT_OPTIMIZATION_LEVEL = "-Onone";
			};
			name = Debug;
		};
		F100CF0820EE8C29007E79B1 /* Release */ = {
			isa = XCBuildConfiguration;
			buildSettings = {
				ALWAYS_SEARCH_USER_PATHS = NO;
				CLANG_ANALYZER_NONNULL = YES;
				CLANG_ANALYZER_NUMBER_OBJECT_CONVERSION = YES_AGGRESSIVE;
				CLANG_CXX_LANGUAGE_STANDARD = "gnu++14";
				CLANG_CXX_LIBRARY = "libc++";
				CLANG_ENABLE_MODULES = YES;
				CLANG_ENABLE_OBJC_ARC = YES;
				CLANG_ENABLE_OBJC_WEAK = YES;
				CLANG_WARN_BLOCK_CAPTURE_AUTORELEASING = YES;
				CLANG_WARN_BOOL_CONVERSION = YES;
				CLANG_WARN_COMMA = YES;
				CLANG_WARN_CONSTANT_CONVERSION = YES;
				CLANG_WARN_DEPRECATED_OBJC_IMPLEMENTATIONS = YES;
				CLANG_WARN_DIRECT_OBJC_ISA_USAGE = YES_ERROR;
				CLANG_WARN_DOCUMENTATION_COMMENTS = YES;
				CLANG_WARN_EMPTY_BODY = YES;
				CLANG_WARN_ENUM_CONVERSION = YES;
				CLANG_WARN_INFINITE_RECURSION = YES;
				CLANG_WARN_INT_CONVERSION = YES;
				CLANG_WARN_NON_LITERAL_NULL_CONVERSION = YES;
				CLANG_WARN_OBJC_IMPLICIT_RETAIN_SELF = YES;
				CLANG_WARN_OBJC_LITERAL_CONVERSION = YES;
				CLANG_WARN_OBJC_ROOT_CLASS = YES_ERROR;
				CLANG_WARN_RANGE_LOOP_ANALYSIS = YES;
				CLANG_WARN_STRICT_PROTOTYPES = YES;
				CLANG_WARN_SUSPICIOUS_MOVE = YES;
				CLANG_WARN_UNGUARDED_AVAILABILITY = YES_AGGRESSIVE;
				CLANG_WARN_UNREACHABLE_CODE = YES;
				CLANG_WARN__DUPLICATE_METHOD_MATCH = YES;
				CODE_SIGN_IDENTITY = "iPhone Developer";
				COPY_PHASE_STRIP = NO;
				DEBUG_INFORMATION_FORMAT = "dwarf-with-dsym";
				ENABLE_NS_ASSERTIONS = NO;
				ENABLE_STRICT_OBJC_MSGSEND = YES;
				GCC_C_LANGUAGE_STANDARD = gnu11;
				GCC_NO_COMMON_BLOCKS = YES;
				GCC_WARN_64_TO_32_BIT_CONVERSION = YES;
				GCC_WARN_ABOUT_RETURN_TYPE = YES_ERROR;
				GCC_WARN_UNDECLARED_SELECTOR = YES;
				GCC_WARN_UNINITIALIZED_AUTOS = YES_AGGRESSIVE;
				GCC_WARN_UNUSED_FUNCTION = YES;
				GCC_WARN_UNUSED_VARIABLE = YES;
				IPHONEOS_DEPLOYMENT_TARGET = 11.4;
				MTL_ENABLE_DEBUG_INFO = NO;
				SDKROOT = iphoneos;
				SWIFT_COMPILATION_MODE = wholemodule;
				SWIFT_OPTIMIZATION_LEVEL = "-O";
				VALIDATE_PRODUCT = YES;
			};
			name = Release;
		};
		F100CF0A20EE8C29007E79B1 /* Debug */ = {
			isa = XCBuildConfiguration;
			buildSettings = {
				ASSETCATALOG_COMPILER_APPICON_NAME = AppIcon;
				CODE_SIGN_STYLE = Automatic;
				DEVELOPMENT_TEAM = UE52HE9BWK;
				INFOPLIST_FILE = ResizeUIImage/Info.plist;
				LD_RUNPATH_SEARCH_PATHS = (
					"$(inherited)",
					"@executable_path/Frameworks",
				);
				PRODUCT_BUNDLE_IDENTIFIER = com.Singh4282.ResizeUIImage;
				PRODUCT_NAME = "$(TARGET_NAME)";
				SWIFT_VERSION = 4.0;
				TARGETED_DEVICE_FAMILY = "1,2";
			};
			name = Debug;
		};
		F100CF0B20EE8C29007E79B1 /* Release */ = {
			isa = XCBuildConfiguration;
			buildSettings = {
				ASSETCATALOG_COMPILER_APPICON_NAME = AppIcon;
				CODE_SIGN_STYLE = Automatic;
				DEVELOPMENT_TEAM = UE52HE9BWK;
				INFOPLIST_FILE = ResizeUIImage/Info.plist;
				LD_RUNPATH_SEARCH_PATHS = (
					"$(inherited)",
					"@executable_path/Frameworks",
				);
				PRODUCT_BUNDLE_IDENTIFIER = com.Singh4282.ResizeUIImage;
				PRODUCT_NAME = "$(TARGET_NAME)";
				SWIFT_VERSION = 4.0;
				TARGETED_DEVICE_FAMILY = "1,2";
			};
			name = Release;
		};
/* End XCBuildConfiguration section */

/* Begin XCConfigurationList section */
		F100CEF220EE8C28007E79B1 /* Build configuration list for PBXProject "ResizeUIImage" */ = {
			isa = XCConfigurationList;
			buildConfigurations = (
				F100CF0720EE8C29007E79B1 /* Debug */,
				F100CF0820EE8C29007E79B1 /* Release */,
			);
			defaultConfigurationIsVisible = 0;
			defaultConfigurationName = Release;
		};
		F100CF0920EE8C29007E79B1 /* Build configuration list for PBXNativeTarget "ResizeUIImage" */ = {
			isa = XCConfigurationList;
			buildConfigurations = (
				F100CF0A20EE8C29007E79B1 /* Debug */,
				F100CF0B20EE8C29007E79B1 /* Release */,
			);
			defaultConfigurationIsVisible = 0;
			defaultConfigurationName = Release;
		};
/* End XCConfigurationList section */
	};
	rootObject = F100CEEF20EE8C28007E79B1 /* Project object */;
}
